{
  "originHash" : "2689f9e2586b55228eed3965e4be842c098dfc484978323bb9dc0de25d79665c",
  "pins" : [
    {
      "identity" : "lottie-spm",
      "kind" : "remoteSourceControl",
      "location" : "https://github.com/airbnb/lottie-spm",
      "state" : {
        "revision" : "04f2fd18cc9404a0a0917265a449002674f24ec9",
        "version" : "4.5.2"
      }
    }
  ],
  "version" : 3
}
