// !$*UTF8*$!
{
	archiveVersion = 1;
	classes = {
	};
	objectVersion = 56;
	objects = {

/* Begin PBXBuildFile section */
		5B354EBB2DA89C8300E2B775 /* Button.swift in Sources */ = {isa = PBXBuildFile; fileRef = 5B354EBA2DA89C8300E2B775 /* Button.swift */; };
		5B354EC02DA89CB900E2B775 /* AppColors.swift in Sources */ = {isa = PBXBuildFile; fileRef = 5B354EBC2DA89CB900E2B775 /* AppColors.swift */; };
		5B354EC12DA89CB900E2B775 /* InputField.swift in Sources */ = {isa = PBXBuildFile; fileRef = 5B354EBE2DA89CB900E2B775 /* InputField.swift */; };
		5B354EC22DA89CB900E2B775 /* CustomToggle.swift in Sources */ = {isa = PBXBuildFile; fileRef = 5B354EBD2DA89CB900E2B775 /* CustomToggle.swift */; };
		5B354EC32DA89CB900E2B775 /* LoginView.swift in Sources */ = {isa = PBXBuildFile; fileRef = 5B354EBF2DA89CB900E2B775 /* LoginView.swift */; };
		5B354ED32DA8EABC00E2B775 /* OliviaCEMSplashApp.swift in Sources */ = {isa = PBXBuildFile; fileRef = 5B354ED22DA8EABC00E2B775 /* OliviaCEMSplashApp.swift */; };
		5B354ED52DA8EB2400E2B775 /* ContentView.swift in Sources */ = {isa = PBXBuildFile; fileRef = 5B354ED42DA8EB2400E2B775 /* ContentView.swift */; };
		5B354ED72DA8F46F00E2B775 /* olivia-cem-splash-prod.riv in Resources */ = {isa = PBXBuildFile; fileRef = 5B354ED62DA8F46F00E2B775 /* olivia-cem-splash-prod.riv */; };
		5B354ED82DA8F7EA00E2B775 /* RiveRuntime.xcframework in Frameworks */ = {isa = PBXBuildFile; fileRef = 5B8CF99F2DA58AD90096066C /* RiveRuntime.xcframework */; };
		5B354ED92DA8F7EA00E2B775 /* RiveRuntime.xcframework in Embed Frameworks */ = {isa = PBXBuildFile; fileRef = 5B8CF99F2DA58AD90096066C /* RiveRuntime.xcframework */; settings = {ATTRIBUTES = (CodeSignOnCopy, RemoveHeadersOnCopy, ); }; };
		5B9B3B092DA5891B00FF1808 /* Assets.xcassets in Resources */ = {isa = PBXBuildFile; fileRef = 5B9B3B082DA5891B00FF1808 /* Assets.xcassets */; };
		5B9B3B0C2DA5891B00FF1808 /* Preview Assets.xcassets in Resources */ = {isa = PBXBuildFile; fileRef = 5B9B3B0B2DA5891B00FF1808 /* Preview Assets.xcassets */; };
/* End PBXBuildFile section */

/* Begin PBXCopyFilesBuildPhase section */
		5B354EDA2DA8F7EA00E2B775 /* Embed Frameworks */ = {
			isa = PBXCopyFilesBuildPhase;
			buildActionMask = 2147483647;
			dstPath = "";
			dstSubfolderSpec = 10;
			files = (
				5B354ED92DA8F7EA00E2B775 /* RiveRuntime.xcframework in Embed Frameworks */,
			);
			name = "Embed Frameworks";
			runOnlyForDeploymentPostprocessing = 0;
		};
/* End PBXCopyFilesBuildPhase section */

/* Begin PBXFileReference section */
		5B354EBA2DA89C8300E2B775 /* Button.swift */ = {isa = PBXFileReference; lastKnownFileType = sourcecode.swift; path = Button.swift; sourceTree = "<group>"; };
		5B354EBC2DA89CB900E2B775 /* AppColors.swift */ = {isa = PBXFileReference; lastKnownFileType = sourcecode.swift; path = AppColors.swift; sourceTree = "<group>"; };
		5B354EBD2DA89CB900E2B775 /* CustomToggle.swift */ = {isa = PBXFileReference; lastKnownFileType = sourcecode.swift; path = CustomToggle.swift; sourceTree = "<group>"; };
		5B354EBE2DA89CB900E2B775 /* InputField.swift */ = {isa = PBXFileReference; lastKnownFileType = sourcecode.swift; path = InputField.swift; sourceTree = "<group>"; };
		5B354EBF2DA89CB900E2B775 /* LoginView.swift */ = {isa = PBXFileReference; lastKnownFileType = sourcecode.swift; path = LoginView.swift; sourceTree = "<group>"; };
		5B354ED22DA8EABC00E2B775 /* OliviaCEMSplashApp.swift */ = {isa = PBXFileReference; lastKnownFileType = sourcecode.swift; path = OliviaCEMSplashApp.swift; sourceTree = "<group>"; };
		5B354ED42DA8EB2400E2B775 /* ContentView.swift */ = {isa = PBXFileReference; lastKnownFileType = sourcecode.swift; path = ContentView.swift; sourceTree = "<group>"; };
		5B354ED62DA8F46F00E2B775 /* olivia-cem-splash-prod.riv */ = {isa = PBXFileReference; lastKnownFileType = file; path = "olivia-cem-splash-prod.riv"; sourceTree = "<group>"; };
		5B8CF99F2DA58AD90096066C /* RiveRuntime.xcframework */ = {isa = PBXFileReference; lastKnownFileType = wrapper.xcframework; path = RiveRuntime.xcframework; sourceTree = "<group>"; };
		5B9B3B012DA5891A00FF1808 /* Olivia CEM Splash Animation.app */ = {isa = PBXFileReference; explicitFileType = wrapper.application; includeInIndex = 0; path = "Olivia CEM Splash Animation.app"; sourceTree = BUILT_PRODUCTS_DIR; };
		5B9B3B082DA5891B00FF1808 /* Assets.xcassets */ = {isa = PBXFileReference; lastKnownFileType = folder.assetcatalog; path = Assets.xcassets; sourceTree = "<group>"; };
		5B9B3B0B2DA5891B00FF1808 /* Preview Assets.xcassets */ = {isa = PBXFileReference; lastKnownFileType = folder.assetcatalog; path = "Preview Assets.xcassets"; sourceTree = "<group>"; };
/* End PBXFileReference section */

/* Begin PBXFrameworksBuildPhase section */
		5B9B3AFE2DA5891A00FF1808 /* Frameworks */ = {
			isa = PBXFrameworksBuildPhase;
			buildActionMask = 2147483647;
			files = (
				5B354ED82DA8F7EA00E2B775 /* RiveRuntime.xcframework in Frameworks */,
			);
			runOnlyForDeploymentPostprocessing = 0;
		};
/* End PBXFrameworksBuildPhase section */

/* Begin PBXGroup section */
		5B9B3AF82DA5891A00FF1808 = {
			isa = PBXGroup;
			children = (
				5B9B3B032DA5891A00FF1808 /* Olivia CEM Splash Animation */,
				5B9B3B022DA5891A00FF1808 /* Products */,
			);
			sourceTree = "<group>";
		};
		5B9B3B022DA5891A00FF1808 /* Products */ = {
			isa = PBXGroup;
			children = (
				5B9B3B012DA5891A00FF1808 /* Olivia CEM Splash Animation.app */,
			);
			name = Products;
			sourceTree = "<group>";
		};
		5B9B3B032DA5891A00FF1808 /* Olivia CEM Splash Animation */ = {
			isa = PBXGroup;
			children = (
				5B8CF99F2DA58AD90096066C /* RiveRuntime.xcframework */,
				5B354ED22DA8EABC00E2B775 /* OliviaCEMSplashApp.swift */,
				5B354ED42DA8EB2400E2B775 /* ContentView.swift */,
				5B354EBF2DA89CB900E2B775 /* LoginView.swift */,
				5B354EBA2DA89C8300E2B775 /* Button.swift */,
				5B354EBD2DA89CB900E2B775 /* CustomToggle.swift */,
				5B354EBE2DA89CB900E2B775 /* InputField.swift */,
				5B354EBC2DA89CB900E2B775 /* AppColors.swift */,
				5B354ED62DA8F46F00E2B775 /* olivia-cem-splash-prod.riv */,
				5B9B3B082DA5891B00FF1808 /* Assets.xcassets */,
				5B9B3B0A2DA5891B00FF1808 /* Preview Content */,
			);
			path = "Olivia CEM Splash Animation";
			sourceTree = "<group>";
		};
		5B9B3B0A2DA5891B00FF1808 /* Preview Content */ = {
			isa = PBXGroup;
			children = (
				5B9B3B0B2DA5891B00FF1808 /* Preview Assets.xcassets */,
			);
			path = "Preview Content";
			sourceTree = "<group>";
		};
/* End PBXGroup section */

/* Begin PBXNativeTarget section */
		5B9B3B002DA5891A00FF1808 /* Olivia CEM Splash Animation */ = {
			isa = PBXNativeTarget;
			buildConfigurationList = 5B9B3B0F2DA5891B00FF1808 /* Build configuration list for PBXNativeTarget "Olivia CEM Splash Animation" */;
			buildPhases = (
				5B9B3AFD2DA5891A00FF1808 /* Sources */,
				5B9B3AFE2DA5891A00FF1808 /* Frameworks */,
				5B9B3AFF2DA5891A00FF1808 /* Resources */,
				5B354EDA2DA8F7EA00E2B775 /* Embed Frameworks */,
			);
			buildRules = (
			);
			dependencies = (
			);
			name = "Olivia CEM Splash Animation";
			productName = RiveTestProject;
			productReference = 5B9B3B012DA5891A00FF1808 /* Olivia CEM Splash Animation.app */;
			productType = "com.apple.product-type.application";
		};
/* End PBXNativeTarget section */

/* Begin PBXProject section */
		5B9B3AF92DA5891A00FF1808 /* Project object */ = {
			isa = PBXProject;
			attributes = {
				BuildIndependentTargetsInParallel = 1;
				LastSwiftUpdateCheck = 1520;
				LastUpgradeCheck = 1630;
				TargetAttributes = {
					5B9B3B002DA5891A00FF1808 = {
						CreatedOnToolsVersion = 15.2;
					};
				};
			};
			buildConfigurationList = 5B9B3AFC2DA5891A00FF1808 /* Build configuration list for PBXProject "Olivia CEM Splash Animation" */;
			compatibilityVersion = "Xcode 14.0";
			developmentRegion = en;
			hasScannedForEncodings = 0;
			knownRegions = (
				en,
				Base,
			);
			mainGroup = 5B9B3AF82DA5891A00FF1808;
			packageReferences = (
				5B9B3B122DA5899A00FF1808 /* XCRemoteSwiftPackageReference "rive-ios" */,
			);
			productRefGroup = 5B9B3B022DA5891A00FF1808 /* Products */;
			projectDirPath = "";
			projectRoot = "";
			targets = (
				5B9B3B002DA5891A00FF1808 /* Olivia CEM Splash Animation */,
			);
		};
/* End PBXProject section */

/* Begin PBXResourcesBuildPhase section */
		5B9B3AFF2DA5891A00FF1808 /* Resources */ = {
			isa = PBXResourcesBuildPhase;
			buildActionMask = 2147483647;
			files = (
				5B354ED72DA8F46F00E2B775 /* olivia-cem-splash-prod.riv in Resources */,
				5B9B3B0C2DA5891B00FF1808 /* Preview Assets.xcassets in Resources */,
				5B9B3B092DA5891B00FF1808 /* Assets.xcassets in Resources */,
			);
			runOnlyForDeploymentPostprocessing = 0;
		};
/* End PBXResourcesBuildPhase section */

/* Begin PBXSourcesBuildPhase section */
		5B9B3AFD2DA5891A00FF1808 /* Sources */ = {
			isa = PBXSourcesBuildPhase;
			buildActionMask = 2147483647;
			files = (
				5B354EC02DA89CB900E2B775 /* AppColors.swift in Sources */,
				5B354ED52DA8EB2400E2B775 /* ContentView.swift in Sources */,
				5B354EC12DA89CB900E2B775 /* InputField.swift in Sources */,
				5B354ED32DA8EABC00E2B775 /* OliviaCEMSplashApp.swift in Sources */,
				5B354EC22DA89CB900E2B775 /* CustomToggle.swift in Sources */,
				5B354EC32DA89CB900E2B775 /* LoginView.swift in Sources */,
				5B354EBB2DA89C8300E2B775 /* Button.swift in Sources */,
			);
			runOnlyForDeploymentPostprocessing = 0;
		};
/* End PBXSourcesBuildPhase section */

/* Begin XCBuildConfiguration section */
		5B9B3B0D2DA5891B00FF1808 /* Debug */ = {
			isa = XCBuildConfiguration;
			buildSettings = {
				ALWAYS_SEARCH_USER_PATHS = NO;
				ASSETCATALOG_COMPILER_GENERATE_SWIFT_ASSET_SYMBOL_EXTENSIONS = YES;
				CLANG_ANALYZER_NONNULL = YES;
				CLANG_ANALYZER_NUMBER_OBJECT_CONVERSION = YES_AGGRESSIVE;
				CLANG_CXX_LANGUAGE_STANDARD = "gnu++20";
				CLANG_ENABLE_MODULES = YES;
				CLANG_ENABLE_OBJC_ARC = YES;
				CLANG_ENABLE_OBJC_WEAK = YES;
				CLANG_WARN_BLOCK_CAPTURE_AUTORELEASING = YES;
				CLANG_WARN_BOOL_CONVERSION = YES;
				CLANG_WARN_COMMA = YES;
				CLANG_WARN_CONSTANT_CONVERSION = YES;
				CLANG_WARN_DEPRECATED_OBJC_IMPLEMENTATIONS = YES;
				CLANG_WARN_DIRECT_OBJC_ISA_USAGE = YES_ERROR;
				CLANG_WARN_DOCUMENTATION_COMMENTS = YES;
				CLANG_WARN_EMPTY_BODY = YES;
				CLANG_WARN_ENUM_CONVERSION = YES;
				CLANG_WARN_INFINITE_RECURSION = YES;
				CLANG_WARN_INT_CONVERSION = YES;
				CLANG_WARN_NON_LITERAL_NULL_CONVERSION = YES;
				CLANG_WARN_OBJC_IMPLICIT_RETAIN_SELF = YES;
				CLANG_WARN_OBJC_LITERAL_CONVERSION = YES;
				CLANG_WARN_OBJC_ROOT_CLASS = YES_ERROR;
				CLANG_WARN_QUOTED_INCLUDE_IN_FRAMEWORK_HEADER = YES;
				CLANG_WARN_RANGE_LOOP_ANALYSIS = YES;
				CLANG_WARN_STRICT_PROTOTYPES = YES;
				CLANG_WARN_SUSPICIOUS_MOVE = YES;
				CLANG_WARN_UNGUARDED_AVAILABILITY = YES_AGGRESSIVE;
				CLANG_WARN_UNREACHABLE_CODE = YES;
				CLANG_WARN__DUPLICATE_METHOD_MATCH = YES;
				COPY_PHASE_STRIP = NO;
				DEBUG_INFORMATION_FORMAT = dwarf;
				DEVELOPMENT_TEAM = C5D26ZX4KQ;
				ENABLE_STRICT_OBJC_MSGSEND = YES;
				ENABLE_TESTABILITY = YES;
				ENABLE_USER_SCRIPT_SANDBOXING = YES;
				GCC_C_LANGUAGE_STANDARD = gnu17;
				GCC_DYNAMIC_NO_PIC = NO;
				GCC_NO_COMMON_BLOCKS = YES;
				GCC_OPTIMIZATION_LEVEL = 0;
				GCC_PREPROCESSOR_DEFINITIONS = (
					"DEBUG=1",
					"$(inherited)",
				);
				GCC_WARN_64_TO_32_BIT_CONVERSION = YES;
				GCC_WARN_ABOUT_RETURN_TYPE = YES_ERROR;
				GCC_WARN_UNDECLARED_SELECTOR = YES;
				GCC_WARN_UNINITIALIZED_AUTOS = YES_AGGRESSIVE;
				GCC_WARN_UNUSED_FUNCTION = YES;
				GCC_WARN_UNUSED_VARIABLE = YES;
				IPHONEOS_DEPLOYMENT_TARGET = 17.2;
				LOCALIZATION_PREFERS_STRING_CATALOGS = YES;
				MTL_ENABLE_DEBUG_INFO = INCLUDE_SOURCE;
				MTL_FAST_MATH = YES;
				ONLY_ACTIVE_ARCH = YES;
				SDKROOT = iphoneos;
				SWIFT_ACTIVE_COMPILATION_CONDITIONS = "DEBUG $(inherited)";
				SWIFT_OPTIMIZATION_LEVEL = "-Onone";
			};
			name = Debug;
		};
		5B9B3B0E2DA5891B00FF1808 /* Release */ = {
			isa = XCBuildConfiguration;
			buildSettings = {
				ALWAYS_SEARCH_USER_PATHS = NO;
				ASSETCATALOG_COMPILER_GENERATE_SWIFT_ASSET_SYMBOL_EXTENSIONS = YES;
				CLANG_ANALYZER_NONNULL = YES;
				CLANG_ANALYZER_NUMBER_OBJECT_CONVERSION = YES_AGGRESSIVE;
				CLANG_CXX_LANGUAGE_STANDARD = "gnu++20";
				CLANG_ENABLE_MODULES = YES;
				CLANG_ENABLE_OBJC_ARC = YES;
				CLANG_ENABLE_OBJC_WEAK = YES;
				CLANG_WARN_BLOCK_CAPTURE_AUTORELEASING = YES;
				CLANG_WARN_BOOL_CONVERSION = YES;
				CLANG_WARN_COMMA = YES;
				CLANG_WARN_CONSTANT_CONVERSION = YES;
				CLANG_WARN_DEPRECATED_OBJC_IMPLEMENTATIONS = YES;
				CLANG_WARN_DIRECT_OBJC_ISA_USAGE = YES_ERROR;
				CLANG_WARN_DOCUMENTATION_COMMENTS = YES;
				CLANG_WARN_EMPTY_BODY = YES;
				CLANG_WARN_ENUM_CONVERSION = YES;
				CLANG_WARN_INFINITE_RECURSION = YES;
				CLANG_WARN_INT_CONVERSION = YES;
				CLANG_WARN_NON_LITERAL_NULL_CONVERSION = YES;
				CLANG_WARN_OBJC_IMPLICIT_RETAIN_SELF = YES;
				CLANG_WARN_OBJC_LITERAL_CONVERSION = YES;
				CLANG_WARN_OBJC_ROOT_CLASS = YES_ERROR;
				CLANG_WARN_QUOTED_INCLUDE_IN_FRAMEWORK_HEADER = YES;
				CLANG_WARN_RANGE_LOOP_ANALYSIS = YES;
				CLANG_WARN_STRICT_PROTOTYPES = YES;
				CLANG_WARN_SUSPICIOUS_MOVE = YES;
				CLANG_WARN_UNGUARDED_AVAILABILITY = YES_AGGRESSIVE;
				CLANG_WARN_UNREACHABLE_CODE = YES;
				CLANG_WARN__DUPLICATE_METHOD_MATCH = YES;
				COPY_PHASE_STRIP = NO;
				DEBUG_INFORMATION_FORMAT = "dwarf-with-dsym";
				DEVELOPMENT_TEAM = C5D26ZX4KQ;
				ENABLE_NS_ASSERTIONS = NO;
				ENABLE_STRICT_OBJC_MSGSEND = YES;
				ENABLE_USER_SCRIPT_SANDBOXING = YES;
				GCC_C_LANGUAGE_STANDARD = gnu17;
				GCC_NO_COMMON_BLOCKS = YES;
				GCC_WARN_64_TO_32_BIT_CONVERSION = YES;
				GCC_WARN_ABOUT_RETURN_TYPE = YES_ERROR;
				GCC_WARN_UNDECLARED_SELECTOR = YES;
				GCC_WARN_UNINITIALIZED_AUTOS = YES_AGGRESSIVE;
				GCC_WARN_UNUSED_FUNCTION = YES;
				GCC_WARN_UNUSED_VARIABLE = YES;
				IPHONEOS_DEPLOYMENT_TARGET = 17.2;
				LOCALIZATION_PREFERS_STRING_CATALOGS = YES;
				MTL_ENABLE_DEBUG_INFO = NO;
				MTL_FAST_MATH = YES;
				SDKROOT = iphoneos;
				SWIFT_COMPILATION_MODE = wholemodule;
				VALIDATE_PRODUCT = YES;
			};
			name = Release;
		};
		5B9B3B102DA5891B00FF1808 /* Debug */ = {
			isa = XCBuildConfiguration;
			buildSettings = {
				ASSETCATALOG_COMPILER_APPICON_NAME = AppIcon;
				ASSETCATALOG_COMPILER_GLOBAL_ACCENT_COLOR_NAME = AccentColor;
				CODE_SIGN_STYLE = Automatic;
				CURRENT_PROJECT_VERSION = 1;
				DEVELOPMENT_ASSET_PATHS = "\"Olivia CEM Splash Animation/Preview Content\"";
				ENABLE_PREVIEWS = YES;
				GENERATE_INFOPLIST_FILE = YES;
				INFOPLIST_KEY_UIApplicationSceneManifest_Generation = YES;
				INFOPLIST_KEY_UIApplicationSupportsIndirectInputEvents = YES;
				INFOPLIST_KEY_UILaunchScreen_Generation = YES;
				INFOPLIST_KEY_UISupportedInterfaceOrientations_iPad = "UIInterfaceOrientationPortrait UIInterfaceOrientationPortraitUpsideDown UIInterfaceOrientationLandscapeLeft UIInterfaceOrientationLandscapeRight";
				INFOPLIST_KEY_UISupportedInterfaceOrientations_iPhone = "UIInterfaceOrientationPortrait UIInterfaceOrientationLandscapeLeft UIInterfaceOrientationLandscapeRight";
				IPHONEOS_DEPLOYMENT_TARGET = 17.0;
				LD_RUNPATH_SEARCH_PATHS = (
					"$(inherited)",
					"@executable_path/Frameworks",
				);
				MARKETING_VERSION = 1.0;
				PRODUCT_BUNDLE_IDENTIFIER = com.williambaldwin.OliviaCEMSplashAnimation;
				PRODUCT_NAME = "$(TARGET_NAME)";
				SWIFT_EMIT_LOC_STRINGS = YES;
				SWIFT_VERSION = 5.0;
				TARGETED_DEVICE_FAMILY = "1,2";
			};
			name = Debug;
		};
		5B9B3B112DA5891B00FF1808 /* Release */ = {
			isa = XCBuildConfiguration;
			buildSettings = {
				ASSETCATALOG_COMPILER_APPICON_NAME = AppIcon;
				ASSETCATALOG_COMPILER_GLOBAL_ACCENT_COLOR_NAME = AccentColor;
				CODE_SIGN_STYLE = Automatic;
				CURRENT_PROJECT_VERSION = 1;
				DEVELOPMENT_ASSET_PATHS = "\"Olivia CEM Splash Animation/Preview Content\"";
				ENABLE_PREVIEWS = YES;
				GENERATE_INFOPLIST_FILE = YES;
				INFOPLIST_KEY_UIApplicationSceneManifest_Generation = YES;
				INFOPLIST_KEY_UIApplicationSupportsIndirectInputEvents = YES;
				INFOPLIST_KEY_UILaunchScreen_Generation = YES;
				INFOPLIST_KEY_UISupportedInterfaceOrientations_iPad = "UIInterfaceOrientationPortrait UIInterfaceOrientationPortraitUpsideDown UIInterfaceOrientationLandscapeLeft UIInterfaceOrientationLandscapeRight";
				INFOPLIST_KEY_UISupportedInterfaceOrientations_iPhone = "UIInterfaceOrientationPortrait UIInterfaceOrientationLandscapeLeft UIInterfaceOrientationLandscapeRight";
				IPHONEOS_DEPLOYMENT_TARGET = 17.0;
				LD_RUNPATH_SEARCH_PATHS = (
					"$(inherited)",
					"@executable_path/Frameworks",
				);
				MARKETING_VERSION = 1.0;
				PRODUCT_BUNDLE_IDENTIFIER = com.williambaldwin.OliviaCEMSplashAnimation;
				PRODUCT_NAME = "$(TARGET_NAME)";
				SWIFT_EMIT_LOC_STRINGS = YES;
				SWIFT_VERSION = 5.0;
				TARGETED_DEVICE_FAMILY = "1,2";
			};
			name = Release;
		};
/* End XCBuildConfiguration section */

/* Begin XCConfigurationList section */
		5B9B3AFC2DA5891A00FF1808 /* Build configuration list for PBXProject "Olivia CEM Splash Animation" */ = {
			isa = XCConfigurationList;
			buildConfigurations = (
				5B9B3B0D2DA5891B00FF1808 /* Debug */,
				5B9B3B0E2DA5891B00FF1808 /* Release */,
			);
			defaultConfigurationIsVisible = 0;
			defaultConfigurationName = Release;
		};
		5B9B3B0F2DA5891B00FF1808 /* Build configuration list for PBXNativeTarget "Olivia CEM Splash Animation" */ = {
			isa = XCConfigurationList;
			buildConfigurations = (
				5B9B3B102DA5891B00FF1808 /* Debug */,
				5B9B3B112DA5891B00FF1808 /* Release */,
			);
			defaultConfigurationIsVisible = 0;
			defaultConfigurationName = Release;
		};
/* End XCConfigurationList section */

/* Begin XCRemoteSwiftPackageReference section */
		5B9B3B122DA5899A00FF1808 /* XCRemoteSwiftPackageReference "rive-ios" */ = {
			isa = XCRemoteSwiftPackageReference;
			repositoryURL = "https://github.com/rive-app/rive-ios";
			requirement = {
				kind = upToNextMajorVersion;
				minimumVersion = 6.7.4;
			};
		};
/* End XCRemoteSwiftPackageReference section */
	};
	rootObject = 5B9B3AF92DA5891A00FF1808 /* Project object */;
}
